[[package]]
category = "main"
description = "A cross-platform clipboard module for Python. (Only handles plain text for now.)"
name = "pyperclip"
optional = false
python-versions = "*"
version = "1.8.0"

[metadata]
content-hash = "709dbf7c6ba6efda806f84e9b236cc34dee67eeb3ddbdda0d1be11ad56bd4bf9"
python-versions = "^3.7"

[metadata.hashes]
pyperclip = ["b75b975160428d84608c26edba2dec146e7799566aea42c1fe1b32e72b6028f2"]
